
Microsoft Visual Studio Solution File, Format Version 12.00
# Visual Studio Version 17
VisualStudioVersion = 17.3.32922.545
MinimumVisualStudioVersion = 10.0.40219.1
Project("{FAE04EC0-301F-11D3-BF4B-00C04F79EFBC}") = "Program.cs", "Program.cs.csproj", "{CA8F8CB6-92BE-4BC5-9B82-3E2CE4BCD8E1}"
EndProject
Global
	GlobalSection(SolutionConfigurationPlatforms) = preSolution
		Debug|Any CPU = Debug|Any CPU
		Release|Any CPU = Release|Any CPU
	EndGlobalSection
	GlobalSection(ProjectConfigurationPlatforms) = postSolution
		{CA8F8CB6-92BE-4BC5-9B82-3E2CE4BCD8E1}.Debug|Any CPU.ActiveCfg = Debug|Any CPU
		{CA8F8CB6-92BE-4BC5-9B82-3E2CE4BCD8E1}.Debug|Any CPU.Build.0 = Debug|Any CPU
		{CA8F8CB6-92BE-4BC5-9B82-3E2CE4BCD8E1}.Release|Any CPU.ActiveCfg = Release|Any CPU
		{CA8F8CB6-92BE-4BC5-9B82-3E2CE4BCD8E1}.Release|Any CPU.Build.0 = Release|Any CPU
	EndGlobalSection
	GlobalSection(SolutionProperties) = preSolution
		HideSolutionNode = FALSE
	EndGlobalSection
	GlobalSection(ExtensibilityGlobals) = postSolution
		SolutionGuid = {7F1B4ECF-B2E6-4334-9E2E-96C90A89F9CE}
	EndGlobalSection
EndGlobal
